
Microsoft Visual Studio Solution File, Format Version 12.00
# Visual Studio Version 16
VisualStudioVersion = 16.0.31624.102
MinimumVisualStudioVersion = 10.0.40219.1
Project("{9A19103F-16F7-4668-BE54-9A1E7A4F7556}") = "WPF_Intro", "WPF_Intro\WPF_Intro.csproj", "{6AFEE3B6-F64A-4D3F-BEBF-44424D618B62}"
EndProject
Project("{9A19103F-16F7-4668-BE54-9A1E7A4F7556}") = "VowelsAndConsonants", "VowelsAndConsonants\VowelsAndConsonants.csproj", "{660B95D9-E0EC-4ADE-B176-A0878794C4A6}"
EndProject
Project("{9A19103F-16F7-4668-BE54-9A1E7A4F7556}") = "WPF_Classes", "WPF_Classes\WPF_Classes.csproj", "{50937991-836A-4106-884A-04A7E8510E24}"
EndProject
Project("{9A19103F-16F7-4668-BE54-9A1E7A4F7556}") = "WPF_ToyClass", "WPF_ToyClass\WPF_ToyClass.csproj", "{E8C7D214-8317-44AF-A96D-42600800EF2B}"
EndProject
Project("{9A19103F-16F7-4668-BE54-9A1E7A4F7556}") = "WPF_Files", "WPF_Files\WPF_Files.csproj", "{BD05524A-D3B7-40FC-B654-97872E030A00}"
EndProject
Project("{9A19103F-16F7-4668-BE54-9A1E7A4F7556}") = "WPF_ContactList", "WPF_ContactList\WPF_ContactList.csproj", "{7E7A0600-D41B-4214-85FE-5CB8188DD475}"
EndProject
Project("{9A19103F-16F7-4668-BE54-9A1E7A4F7556}") = "JSON__RickAndMorty", "JSON__RickAndMorty\JSON__RickAndMorty.csproj", "{7CB715C0-D983-42A1-BE62-DBBEED44C667}"
EndProject
Project("{9A19103F-16F7-4668-BE54-9A1E7A4F7556}") = "REDO_Toy", "REDO_Toy\REDO_Toy.csproj", "{835EBA89-9299-43FE-AC36-03762F766D00}"
EndProject
Project("{9A19103F-16F7-4668-BE54-9A1E7A4F7556}") = "REDO_Contacts", "REDO_Contacts\REDO_Contacts.csproj", "{5D5D9707-2441-4CA5-904A-9A13C4BBB92E}"
EndProject
Project("{9A19103F-16F7-4668-BE54-9A1E7A4F7556}") = "AGAIN_TOY", "AGAIN_TOY\AGAIN_TOY.csproj", "{ADF801B7-82AB-486C-83DA-AF30C9D2EA54}"
EndProject
Project("{9A19103F-16F7-4668-BE54-9A1E7A4F7556}") = "AGAIN_CONTACTS", "AGAIN_CONTACTS\AGAIN_CONTACTS.csproj", "{13DC3406-A908-407A-95DA-31700A95FF9D}"
EndProject
Project("{9A19103F-16F7-4668-BE54-9A1E7A4F7556}") = "JSON_ChuckNorrisJokes", "JSON_ChuckNorrisJokes\JSON_ChuckNorrisJokes.csproj", "{AA77A445-7AD7-4459-AE60-EFDF817424CC}"
EndProject
Project("{9A19103F-16F7-4668-BE54-9A1E7A4F7556}") = "JSON_Pokemon", "JSON_Pokemon\JSON_Pokemon.csproj", "{BB76D5CD-500B-4A28-9283-2FC4E5DDA986}"
EndProject
Project("{9A19103F-16F7-4668-BE54-9A1E7A4F7556}") = "JSON_FinishRickAndMorty", "JSON_FinishRickAndMorty\JSON_FinishRickAndMorty.csproj", "{5E9623FB-B2A4-4B3A-8A07-E78B21E84D3B}"
EndProject
Project("{9A19103F-16F7-4668-BE54-9A1E7A4F7556}") = "(P) GOT Quote", "(P) GOT Quote\(P) GOT Quote.csproj", "{FA7C478B-72B9-473E-B689-5E502F7443BB}"
EndProject
Project("{9A19103F-16F7-4668-BE54-9A1E7A4F7556}") = "(P) JSON-Serialization", "(P) JSON-Serialization\(P) JSON-Serialization.csproj", "{B2A8A267-BBB2-4550-B556-1D56C246B2F6}"
EndProject
Project("{9A19103F-16F7-4668-BE54-9A1E7A4F7556}") = "REDO_GOT", "REDO_GOT\REDO_GOT.csproj", "{2007E779-EACF-4850-B71B-83F0D953AEDE}"
EndProject
Project("{9A19103F-16F7-4668-BE54-9A1E7A4F7556}") = "REDO_HW6", "REDO_HW6\REDO_HW6.csproj", "{C74D7C5B-F325-433C-9BE6-9D5F3B12FA1B}"
EndProject
Project("{FAE04EC0-301F-11D3-BF4B-00C04F79EFBC}") = "MVC_Example", "MVC_Example\MVC_Example.csproj", "{7771A6D4-F775-4CE6-BCF1-5794C89514FB}"
EndProject
Project("{FAE04EC0-301F-11D3-BF4B-00C04F79EFBC}") = "(P) MVC - Beginner", "(P) MVC - Beginner\(P) MVC - Beginner.csproj", "{FA016A49-9D13-46A7-8D28-4C0EADEBC50B}"
EndProject
Project("{FAE04EC0-301F-11D3-BF4B-00C04F79EFBC}") = "(P)_MVC EF", "(P)_MVC EF\(P)_MVC EF.csproj", "{F7AABDFF-A7C9-4777-A715-9CF08E31FE77}"
EndProject
Global
	GlobalSection(SolutionConfigurationPlatforms) = preSolution
		Debug|Any CPU = Debug|Any CPU
		Release|Any CPU = Release|Any CPU
	EndGlobalSection
	GlobalSection(ProjectConfigurationPlatforms) = postSolution
		{6AFEE3B6-F64A-4D3F-BEBF-44424D618B62}.Debug|Any CPU.ActiveCfg = Debug|Any CPU
		{6AFEE3B6-F64A-4D3F-BEBF-44424D618B62}.Debug|Any CPU.Build.0 = Debug|Any CPU
		{6AFEE3B6-F64A-4D3F-BEBF-44424D618B62}.Release|Any CPU.ActiveCfg = Release|Any CPU
		{6AFEE3B6-F64A-4D3F-BEBF-44424D618B62}.Release|Any CPU.Build.0 = Release|Any CPU
		{660B95D9-E0EC-4ADE-B176-A0878794C4A6}.Debug|Any CPU.ActiveCfg = Debug|Any CPU
		{660B95D9-E0EC-4ADE-B176-A0878794C4A6}.Debug|Any CPU.Build.0 = Debug|Any CPU
		{660B95D9-E0EC-4ADE-B176-A0878794C4A6}.Release|Any CPU.ActiveCfg = Release|Any CPU
		{660B95D9-E0EC-4ADE-B176-A0878794C4A6}.Release|Any CPU.Build.0 = Release|Any CPU
		{50937991-836A-4106-884A-04A7E8510E24}.Debug|Any CPU.ActiveCfg = Debug|Any CPU
		{50937991-836A-4106-884A-04A7E8510E24}.Debug|Any CPU.Build.0 = Debug|Any CPU
		{50937991-836A-4106-884A-04A7E8510E24}.Release|Any CPU.ActiveCfg = Release|Any CPU
		{50937991-836A-4106-884A-04A7E8510E24}.Release|Any CPU.Build.0 = Release|Any CPU
		{E8C7D214-8317-44AF-A96D-42600800EF2B}.Debug|Any CPU.ActiveCfg = Debug|Any CPU
		{E8C7D214-8317-44AF-A96D-42600800EF2B}.Debug|Any CPU.Build.0 = Debug|Any CPU
		{E8C7D214-8317-44AF-A96D-42600800EF2B}.Release|Any CPU.ActiveCfg = Release|Any CPU
		{E8C7D214-8317-44AF-A96D-42600800EF2B}.Release|Any CPU.Build.0 = Release|Any CPU
		{BD05524A-D3B7-40FC-B654-97872E030A00}.Debug|Any CPU.ActiveCfg = Debug|Any CPU
		{BD05524A-D3B7-40FC-B654-97872E030A00}.Debug|Any CPU.Build.0 = Debug|Any CPU
		{BD05524A-D3B7-40FC-B654-97872E030A00}.Release|Any CPU.ActiveCfg = Release|Any CPU
		{BD05524A-D3B7-40FC-B654-97872E030A00}.Release|Any CPU.Build.0 = Release|Any CPU
		{7E7A0600-D41B-4214-85FE-5CB8188DD475}.Debug|Any CPU.ActiveCfg = Debug|Any CPU
		{7E7A0600-D41B-4214-85FE-5CB8188DD475}.Debug|Any CPU.Build.0 = Debug|Any CPU
		{7E7A0600-D41B-4214-85FE-5CB8188DD475}.Release|Any CPU.ActiveCfg = Release|Any CPU
		{7E7A0600-D41B-4214-85FE-5CB8188DD475}.Release|Any CPU.Build.0 = Release|Any CPU
		{7CB715C0-D983-42A1-BE62-DBBEED44C667}.Debug|Any CPU.ActiveCfg = Debug|Any CPU
		{7CB715C0-D983-42A1-BE62-DBBEED44C667}.Debug|Any CPU.Build.0 = Debug|Any CPU
		{7CB715C0-D983-42A1-BE62-DBBEED44C667}.Release|Any CPU.ActiveCfg = Release|Any CPU
		{7CB715C0-D983-42A1-BE62-DBBEED44C667}.Release|Any CPU.Build.0 = Release|Any CPU
		{835EBA89-9299-43FE-AC36-03762F766D00}.Debug|Any CPU.ActiveCfg = Debug|Any CPU
		{835EBA89-9299-43FE-AC36-03762F766D00}.Debug|Any CPU.Build.0 = Debug|Any CPU
		{835EBA89-9299-43FE-AC36-03762F766D00}.Release|Any CPU.ActiveCfg = Release|Any CPU
		{835EBA89-9299-43FE-AC36-03762F766D00}.Release|Any CPU.Build.0 = Release|Any CPU
		{5D5D9707-2441-4CA5-904A-9A13C4BBB92E}.Debug|Any CPU.ActiveCfg = Debug|Any CPU
		{5D5D9707-2441-4CA5-904A-9A13C4BBB92E}.Debug|Any CPU.Build.0 = Debug|Any CPU
		{5D5D9707-2441-4CA5-904A-9A13C4BBB92E}.Release|Any CPU.ActiveCfg = Release|Any CPU
		{5D5D9707-2441-4CA5-904A-9A13C4BBB92E}.Release|Any CPU.Build.0 = Release|Any CPU
		{ADF801B7-82AB-486C-83DA-AF30C9D2EA54}.Debug|Any CPU.ActiveCfg = Debug|Any CPU
		{ADF801B7-82AB-486C-83DA-AF30C9D2EA54}.Debug|Any CPU.Build.0 = Debug|Any CPU
		{ADF801B7-82AB-486C-83DA-AF30C9D2EA54}.Release|Any CPU.ActiveCfg = Release|Any CPU
		{ADF801B7-82AB-486C-83DA-AF30C9D2EA54}.Release|Any CPU.Build.0 = Release|Any CPU
		{13DC3406-A908-407A-95DA-31700A95FF9D}.Debug|Any CPU.ActiveCfg = Debug|Any CPU
		{13DC3406-A908-407A-95DA-31700A95FF9D}.Debug|Any CPU.Build.0 = Debug|Any CPU
		{13DC3406-A908-407A-95DA-31700A95FF9D}.Release|Any CPU.ActiveCfg = Release|Any CPU
		{13DC3406-A908-407A-95DA-31700A95FF9D}.Release|Any CPU.Build.0 = Release|Any CPU
		{AA77A445-7AD7-4459-AE60-EFDF817424CC}.Debug|Any CPU.ActiveCfg = Debug|Any CPU
		{AA77A445-7AD7-4459-AE60-EFDF817424CC}.Debug|Any CPU.Build.0 = Debug|Any CPU
		{AA77A445-7AD7-4459-AE60-EFDF817424CC}.Release|Any CPU.ActiveCfg = Release|Any CPU
		{AA77A445-7AD7-4459-AE60-EFDF817424CC}.Release|Any CPU.Build.0 = Release|Any CPU
		{BB76D5CD-500B-4A28-9283-2FC4E5DDA986}.Debug|Any CPU.ActiveCfg = Debug|Any CPU
		{BB76D5CD-500B-4A28-9283-2FC4E5DDA986}.Debug|Any CPU.Build.0 = Debug|Any CPU
		{BB76D5CD-500B-4A28-9283-2FC4E5DDA986}.Release|Any CPU.ActiveCfg = Release|Any CPU
		{BB76D5CD-500B-4A28-9283-2FC4E5DDA986}.Release|Any CPU.Build.0 = Release|Any CPU
		{5E9623FB-B2A4-4B3A-8A07-E78B21E84D3B}.Debug|Any CPU.ActiveCfg = Debug|Any CPU
		{5E9623FB-B2A4-4B3A-8A07-E78B21E84D3B}.Debug|Any CPU.Build.0 = Debug|Any CPU
		{5E9623FB-B2A4-4B3A-8A07-E78B21E84D3B}.Release|Any CPU.ActiveCfg = Release|Any CPU
		{5E9623FB-B2A4-4B3A-8A07-E78B21E84D3B}.Release|Any CPU.Build.0 = Release|Any CPU
		{FA7C478B-72B9-473E-B689-5E502F7443BB}.Debug|Any CPU.ActiveCfg = Debug|Any CPU
		{FA7C478B-72B9-473E-B689-5E502F7443BB}.Debug|Any CPU.Build.0 = Debug|Any CPU
		{FA7C478B-72B9-473E-B689-5E502F7443BB}.Release|Any CPU.ActiveCfg = Release|Any CPU
		{FA7C478B-72B9-473E-B689-5E502F7443BB}.Release|Any CPU.Build.0 = Release|Any CPU
		{B2A8A267-BBB2-4550-B556-1D56C246B2F6}.Debug|Any CPU.ActiveCfg = Debug|Any CPU
		{B2A8A267-BBB2-4550-B556-1D56C246B2F6}.Debug|Any CPU.Build.0 = Debug|Any CPU
		{B2A8A267-BBB2-4550-B556-1D56C246B2F6}.Release|Any CPU.ActiveCfg = Release|Any CPU
		{B2A8A267-BBB2-4550-B556-1D56C246B2F6}.Release|Any CPU.Build.0 = Release|Any CPU
		{2007E779-EACF-4850-B71B-83F0D953AEDE}.Debug|Any CPU.ActiveCfg = Debug|Any CPU
		{2007E779-EACF-4850-B71B-83F0D953AEDE}.Debug|Any CPU.Build.0 = Debug|Any CPU
		{2007E779-EACF-4850-B71B-83F0D953AEDE}.Release|Any CPU.ActiveCfg = Release|Any CPU
		{2007E779-EACF-4850-B71B-83F0D953AEDE}.Release|Any CPU.Build.0 = Release|Any CPU
		{C74D7C5B-F325-433C-9BE6-9D5F3B12FA1B}.Debug|Any CPU.ActiveCfg = Debug|Any CPU
		{C74D7C5B-F325-433C-9BE6-9D5F3B12FA1B}.Debug|Any CPU.Build.0 = Debug|Any CPU
		{C74D7C5B-F325-433C-9BE6-9D5F3B12FA1B}.Release|Any CPU.ActiveCfg = Release|Any CPU
		{C74D7C5B-F325-433C-9BE6-9D5F3B12FA1B}.Release|Any CPU.Build.0 = Release|Any CPU
		{7771A6D4-F775-4CE6-BCF1-5794C89514FB}.Debug|Any CPU.ActiveCfg = Debug|Any CPU
		{7771A6D4-F775-4CE6-BCF1-5794C89514FB}.Debug|Any CPU.Build.0 = Debug|Any CPU
		{7771A6D4-F775-4CE6-BCF1-5794C89514FB}.Release|Any CPU.ActiveCfg = Release|Any CPU
		{7771A6D4-F775-4CE6-BCF1-5794C89514FB}.Release|Any CPU.Build.0 = Release|Any CPU
		{FA016A49-9D13-46A7-8D28-4C0EADEBC50B}.Debug|Any CPU.ActiveCfg = Debug|Any CPU
		{FA016A49-9D13-46A7-8D28-4C0EADEBC50B}.Debug|Any CPU.Build.0 = Debug|Any CPU
		{FA016A49-9D13-46A7-8D28-4C0EADEBC50B}.Release|Any CPU.ActiveCfg = Release|Any CPU
		{FA016A49-9D13-46A7-8D28-4C0EADEBC50B}.Release|Any CPU.Build.0 = Release|Any CPU
		{F7AABDFF-A7C9-4777-A715-9CF08E31FE77}.Debug|Any CPU.ActiveCfg = Debug|Any CPU
		{F7AABDFF-A7C9-4777-A715-9CF08E31FE77}.Debug|Any CPU.Build.0 = Debug|Any CPU
		{F7AABDFF-A7C9-4777-A715-9CF08E31FE77}.Release|Any CPU.ActiveCfg = Release|Any CPU
		{F7AABDFF-A7C9-4777-A715-9CF08E31FE77}.Release|Any CPU.Build.0 = Release|Any CPU
	EndGlobalSection
	GlobalSection(SolutionProperties) = preSolution
		HideSolutionNode = FALSE
	EndGlobalSection
	GlobalSection(ExtensibilityGlobals) = postSolution
		SolutionGuid = {D03DBC95-97EF-4326-A407-D11494FE1989}
	EndGlobalSection
EndGlobal
