
Microsoft Visual Studio Solution File, Format Version 12.00
# Visual Studio Version 16
VisualStudioVersion = 16.0.31624.102
MinimumVisualStudioVersion = 10.0.40219.1
Project("{FAE04EC0-301F-11D3-BF4B-00C04F79EFBC}") = "WPF_Intro", "WPF_Intro\WPF_Intro.csproj", "{6AFEE3B6-F64A-4D3F-BEBF-44424D618B62}"
EndProject
Global
	GlobalSection(SolutionConfigurationPlatforms) = preSolution
		Debug|Any CPU = Debug|Any CPU
		Release|Any CPU = Release|Any CPU
	EndGlobalSection
	GlobalSection(ProjectConfigurationPlatforms) = postSolution
		{6AFEE3B6-F64A-4D3F-BEBF-44424D618B62}.Debug|Any CPU.ActiveCfg = Debug|Any CPU
		{6AFEE3B6-F64A-4D3F-BEBF-44424D618B62}.Debug|Any CPU.Build.0 = Debug|Any CPU
		{6AFEE3B6-F64A-4D3F-BEBF-44424D618B62}.Release|Any CPU.ActiveCfg = Release|Any CPU
		{6AFEE3B6-F64A-4D3F-BEBF-44424D618B62}.Release|Any CPU.Build.0 = Release|Any CPU
	EndGlobalSection
	GlobalSection(SolutionProperties) = preSolution
		HideSolutionNode = FALSE
	EndGlobalSection
	GlobalSection(ExtensibilityGlobals) = postSolution
		SolutionGuid = {D03DBC95-97EF-4326-A407-D11494FE1989}
	EndGlobalSection
EndGlobal
