
Microsoft Visual Studio Solution File, Format Version 12.00
# Visual Studio Version 16
VisualStudioVersion = 16.0.31624.102
MinimumVisualStudioVersion = 10.0.40219.1
Project("{9A19103F-16F7-4668-BE54-9A1E7A4F7556}") = "WPF_Intro", "WPF_Intro\WPF_Intro.csproj", "{6AFEE3B6-F64A-4D3F-BEBF-44424D618B62}"
EndProject
Project("{9A19103F-16F7-4668-BE54-9A1E7A4F7556}") = "VowelsAndConsonants", "VowelsAndConsonants\VowelsAndConsonants.csproj", "{660B95D9-E0EC-4ADE-B176-A0878794C4A6}"
EndProject
Project("{9A19103F-16F7-4668-BE54-9A1E7A4F7556}") = "WPF_Classes", "WPF_Classes\WPF_Classes.csproj", "{50937991-836A-4106-884A-04A7E8510E24}"
EndProject
Project("{9A19103F-16F7-4668-BE54-9A1E7A4F7556}") = "WPF_ToyClass", "WPF_ToyClass\WPF_ToyClass.csproj", "{E8C7D214-8317-44AF-A96D-42600800EF2B}"
EndProject
Project("{9A19103F-16F7-4668-BE54-9A1E7A4F7556}") = "WPF_Files", "WPF_Files\WPF_Files.csproj", "{BD05524A-D3B7-40FC-B654-97872E030A00}"
EndProject
Project("{9A19103F-16F7-4668-BE54-9A1E7A4F7556}") = "WPF_ContactList", "WPF_ContactList\WPF_ContactList.csproj", "{7E7A0600-D41B-4214-85FE-5CB8188DD475}"
EndProject
Project("{9A19103F-16F7-4668-BE54-9A1E7A4F7556}") = "JSON__RickAndMorty", "JSON__RickAndMorty\JSON__RickAndMorty.csproj", "{7CB715C0-D983-42A1-BE62-DBBEED44C667}"
EndProject
Project("{FAE04EC0-301F-11D3-BF4B-00C04F79EFBC}") = "REDO_Toy", "REDO_Toy\REDO_Toy.csproj", "{835EBA89-9299-43FE-AC36-03762F766D00}"
EndProject
Global
	GlobalSection(SolutionConfigurationPlatforms) = preSolution
		Debug|Any CPU = Debug|Any CPU
		Release|Any CPU = Release|Any CPU
	EndGlobalSection
	GlobalSection(ProjectConfigurationPlatforms) = postSolution
		{6AFEE3B6-F64A-4D3F-BEBF-44424D618B62}.Debug|Any CPU.ActiveCfg = Debug|Any CPU
		{6AFEE3B6-F64A-4D3F-BEBF-44424D618B62}.Debug|Any CPU.Build.0 = Debug|Any CPU
		{6AFEE3B6-F64A-4D3F-BEBF-44424D618B62}.Release|Any CPU.ActiveCfg = Release|Any CPU
		{6AFEE3B6-F64A-4D3F-BEBF-44424D618B62}.Release|Any CPU.Build.0 = Release|Any CPU
		{660B95D9-E0EC-4ADE-B176-A0878794C4A6}.Debug|Any CPU.ActiveCfg = Debug|Any CPU
		{660B95D9-E0EC-4ADE-B176-A0878794C4A6}.Debug|Any CPU.Build.0 = Debug|Any CPU
		{660B95D9-E0EC-4ADE-B176-A0878794C4A6}.Release|Any CPU.ActiveCfg = Release|Any CPU
		{660B95D9-E0EC-4ADE-B176-A0878794C4A6}.Release|Any CPU.Build.0 = Release|Any CPU
		{50937991-836A-4106-884A-04A7E8510E24}.Debug|Any CPU.ActiveCfg = Debug|Any CPU
		{50937991-836A-4106-884A-04A7E8510E24}.Debug|Any CPU.Build.0 = Debug|Any CPU
		{50937991-836A-4106-884A-04A7E8510E24}.Release|Any CPU.ActiveCfg = Release|Any CPU
		{50937991-836A-4106-884A-04A7E8510E24}.Release|Any CPU.Build.0 = Release|Any CPU
		{E8C7D214-8317-44AF-A96D-42600800EF2B}.Debug|Any CPU.ActiveCfg = Debug|Any CPU
		{E8C7D214-8317-44AF-A96D-42600800EF2B}.Debug|Any CPU.Build.0 = Debug|Any CPU
		{E8C7D214-8317-44AF-A96D-42600800EF2B}.Release|Any CPU.ActiveCfg = Release|Any CPU
		{E8C7D214-8317-44AF-A96D-42600800EF2B}.Release|Any CPU.Build.0 = Release|Any CPU
		{BD05524A-D3B7-40FC-B654-97872E030A00}.Debug|Any CPU.ActiveCfg = Debug|Any CPU
		{BD05524A-D3B7-40FC-B654-97872E030A00}.Debug|Any CPU.Build.0 = Debug|Any CPU
		{BD05524A-D3B7-40FC-B654-97872E030A00}.Release|Any CPU.ActiveCfg = Release|Any CPU
		{BD05524A-D3B7-40FC-B654-97872E030A00}.Release|Any CPU.Build.0 = Release|Any CPU
		{7E7A0600-D41B-4214-85FE-5CB8188DD475}.Debug|Any CPU.ActiveCfg = Debug|Any CPU
		{7E7A0600-D41B-4214-85FE-5CB8188DD475}.Debug|Any CPU.Build.0 = Debug|Any CPU
		{7E7A0600-D41B-4214-85FE-5CB8188DD475}.Release|Any CPU.ActiveCfg = Release|Any CPU
		{7E7A0600-D41B-4214-85FE-5CB8188DD475}.Release|Any CPU.Build.0 = Release|Any CPU
		{7CB715C0-D983-42A1-BE62-DBBEED44C667}.Debug|Any CPU.ActiveCfg = Debug|Any CPU
		{7CB715C0-D983-42A1-BE62-DBBEED44C667}.Debug|Any CPU.Build.0 = Debug|Any CPU
		{7CB715C0-D983-42A1-BE62-DBBEED44C667}.Release|Any CPU.ActiveCfg = Release|Any CPU
		{7CB715C0-D983-42A1-BE62-DBBEED44C667}.Release|Any CPU.Build.0 = Release|Any CPU
		{835EBA89-9299-43FE-AC36-03762F766D00}.Debug|Any CPU.ActiveCfg = Debug|Any CPU
		{835EBA89-9299-43FE-AC36-03762F766D00}.Debug|Any CPU.Build.0 = Debug|Any CPU
		{835EBA89-9299-43FE-AC36-03762F766D00}.Release|Any CPU.ActiveCfg = Release|Any CPU
		{835EBA89-9299-43FE-AC36-03762F766D00}.Release|Any CPU.Build.0 = Release|Any CPU
	EndGlobalSection
	GlobalSection(SolutionProperties) = preSolution
		HideSolutionNode = FALSE
	EndGlobalSection
	GlobalSection(ExtensibilityGlobals) = postSolution
		SolutionGuid = {D03DBC95-97EF-4326-A407-D11494FE1989}
	EndGlobalSection
EndGlobal
